
Microsoft Visual Studio Solution File, Format Version 12.00
# Visual Studio Version 16
VisualStudioVersion = 16.0.30204.135
MinimumVisualStudioVersion = 10.0.40219.1
Project("{FAE04EC0-301F-11D3-BF4B-00C04F79EFBC}") = "My Weather", "My Weather.csproj", "{3BE18563-6927-4F83-AC12-46DB36987D27}"
EndProject
Global
	GlobalSection(SolutionConfigurationPlatforms) = preSolution
		Debug|Any CPU = Debug|Any CPU
		Release|Any CPU = Release|Any CPU
	EndGlobalSection
	GlobalSection(ProjectConfigurationPlatforms) = postSolution
		{3BE18563-6927-4F83-AC12-46DB36987D27}.Debug|Any CPU.ActiveCfg = Debug|Any CPU
		{3BE18563-6927-4F83-AC12-46DB36987D27}.Debug|Any CPU.Build.0 = Debug|Any CPU
		{3BE18563-6927-4F83-AC12-46DB36987D27}.Release|Any CPU.ActiveCfg = Release|Any CPU
		{3BE18563-6927-4F83-AC12-46DB36987D27}.Release|Any CPU.Build.0 = Release|Any CPU
	EndGlobalSection
	GlobalSection(SolutionProperties) = preSolution
		HideSolutionNode = FALSE
	EndGlobalSection
	GlobalSection(ExtensibilityGlobals) = postSolution
		SolutionGuid = {37F7993A-0EC1-47E6-B44D-E5651B7253B7}
	EndGlobalSection
EndGlobal
